
Microsoft Visual Studio Solution File, Format Version 12.00
# Visual Studio 2012
Project("{FAE04EC0-301F-11D3-BF4B-00C04F79EFBC}") = "iOSStackView", "iOSStackView\iOSStackView.csproj", "{DBAACEB2-20DF-44FC-A467-41A504F3BD6A}"
EndProject
Global
	GlobalSection(SolutionConfigurationPlatforms) = preSolution
		Debug|iPhoneSimulator = Debug|iPhoneSimulator
		Release|iPhone = Release|iPhone
		Release|iPhoneSimulator = Release|iPhoneSimulator
		Debug|iPhone = Debug|iPhone
	EndGlobalSection
	GlobalSection(ProjectConfigurationPlatforms) = postSolution
		{DBAACEB2-20DF-44FC-A467-41A504F3BD6A}.Debug|iPhone.ActiveCfg = Debug|iPhone
		{DBAACEB2-20DF-44FC-A467-41A504F3BD6A}.Debug|iPhone.Build.0 = Debug|iPhone
		{DBAACEB2-20DF-44FC-A467-41A504F3BD6A}.Debug|iPhoneSimulator.ActiveCfg = Debug|iPhoneSimulator
		{DBAACEB2-20DF-44FC-A467-41A504F3BD6A}.Debug|iPhoneSimulator.Build.0 = Debug|iPhoneSimulator
		{DBAACEB2-20DF-44FC-A467-41A504F3BD6A}.Release|iPhone.ActiveCfg = Release|iPhone
		{DBAACEB2-20DF-44FC-A467-41A504F3BD6A}.Release|iPhone.Build.0 = Release|iPhone
		{DBAACEB2-20DF-44FC-A467-41A504F3BD6A}.Release|iPhoneSimulator.ActiveCfg = Release|iPhoneSimulator
		{DBAACEB2-20DF-44FC-A467-41A504F3BD6A}.Release|iPhoneSimulator.Build.0 = Release|iPhoneSimulator
	EndGlobalSection
EndGlobal
